{
  "version": "5",
  "specifiers": {
    "jsr:@cliffy/ansi@1.0.0-rc.8": "1.0.0-rc.8",
    "jsr:@cliffy/command@^1.0.0-rc.8": "1.0.0-rc.8",
    "jsr:@cliffy/flags@1.0.0-rc.8": "1.0.0-rc.8",
    "jsr:@cliffy/internal@1.0.0-rc.8": "1.0.0-rc.8",
    "jsr:@cliffy/keycode@1.0.0-rc.8": "1.0.0-rc.8",
    "jsr:@cliffy/prompt@^1.0.0-rc.8": "1.0.0-rc.8",
    "jsr:@cliffy/table@1.0.0-rc.8": "1.0.0-rc.8",
    "jsr:@std/assert@1": "1.0.15",
    "jsr:@std/assert@~1.0.6": "1.0.15",
    "jsr:@std/encoding@~1.0.5": "1.0.10",
    "jsr:@std/fmt@~1.0.2": "1.0.8",
    "jsr:@std/fs@^1.0.19": "1.0.19",
    "jsr:@std/internal@^1.0.10": "1.0.12",
    "jsr:@std/internal@^1.0.12": "1.0.12",
    "jsr:@std/internal@^1.0.9": "1.0.12",
    "jsr:@std/media-types@^1.1.0": "1.1.0",
    "jsr:@std/path@^1.1.1": "1.1.2",
    "jsr:@std/path@^1.1.2": "1.1.2",
    "jsr:@std/path@~1.0.6": "1.0.9",
    "jsr:@std/text@~1.0.7": "1.0.16",
    "npm:@aws-sdk/client-s3@*": "3.901.0"
  },
  "jsr": {
    "@cliffy/ansi@1.0.0-rc.8": {
      "integrity": "ba37f10ce55bbfbdd8ddd987f91f029b17bce88385b98ba3058870f3b007b80c",
      "dependencies": [
        "jsr:@cliffy/internal",
        "jsr:@std/encoding"
      ]
    },
    "@cliffy/command@1.0.0-rc.8": {
      "integrity": "758147790797c74a707e5294cc7285df665422a13d2a483437092ffce40b5557",
      "dependencies": [
        "jsr:@cliffy/flags",
        "jsr:@cliffy/internal",
        "jsr:@cliffy/table",
        "jsr:@std/fmt",
        "jsr:@std/text"
      ]
    },
    "@cliffy/flags@1.0.0-rc.8": {
      "integrity": "0f1043ce6ef037ba1cb5fe6b1bcecb25dc2f29371a1c17f278ab0f45e4b6f46c",
      "dependencies": [
        "jsr:@std/text"
      ]
    },
    "@cliffy/internal@1.0.0-rc.8": {
      "integrity": "34cdf2fad9b084b5aed493b138d573f52d4e988767215f7460daf0b918ff43d8"
    },
    "@cliffy/keycode@1.0.0-rc.8": {
      "integrity": "76dbf85a67ec0aea2e29ca049b8507b6b3f62a2a971bd744d8d3fc447c177cd9"
    },
    "@cliffy/prompt@1.0.0-rc.8": {
      "integrity": "eba403ea1d47b9971bf2210fa35f4dc7ebd2aba87beec9540ae47552806e2f25",
      "dependencies": [
        "jsr:@cliffy/ansi",
        "jsr:@cliffy/internal",
        "jsr:@cliffy/keycode",
        "jsr:@std/assert@~1.0.6",
        "jsr:@std/fmt",
        "jsr:@std/path@~1.0.6",
        "jsr:@std/text"
      ]
    },
    "@cliffy/table@1.0.0-rc.8": {
      "integrity": "8bbcdc2ba5e0061b4b13810a24e6f5c6ab19c09f0cce9eb691ccd76c7c6c9db5",
      "dependencies": [
        "jsr:@std/fmt"
      ]
    },
    "@std/assert@1.0.15": {
      "integrity": "d64018e951dbdfab9777335ecdb000c0b4e3df036984083be219ce5941e4703b",
      "dependencies": [
        "jsr:@std/internal@^1.0.12"
      ]
    },
    "@std/encoding@1.0.10": {
      "integrity": "8783c6384a2d13abd5e9e87a7ae0520a30e9f56aeeaa3bdf910a3eaaf5c811a1"
    },
    "@std/fmt@1.0.8": {
      "integrity": "71e1fc498787e4434d213647a6e43e794af4fd393ef8f52062246e06f7e372b7"
    },
    "@std/fs@1.0.19": {
      "integrity": "051968c2b1eae4d2ea9f79a08a3845740ef6af10356aff43d3e2ef11ed09fb06",
      "dependencies": [
        "jsr:@std/internal@^1.0.9",
        "jsr:@std/path@^1.1.1"
      ]
    },
    "@std/internal@1.0.12": {
      "integrity": "972a634fd5bc34b242024402972cd5143eac68d8dffaca5eaa4dba30ce17b027"
    },
    "@std/media-types@1.1.0": {
      "integrity": "c9d093f0c05c3512932b330e3cc1fe1d627b301db33a4c2c2185c02471d6eaa4"
    },
    "@std/path@1.0.9": {
      "integrity": "260a49f11edd3db93dd38350bf9cd1b4d1366afa98e81b86167b4e3dd750129e"
    },
    "@std/path@1.1.2": {
      "integrity": "c0b13b97dfe06546d5e16bf3966b1cadf92e1cc83e56ba5476ad8b498d9e3038",
      "dependencies": [
        "jsr:@std/internal@^1.0.10"
      ]
    },
    "@std/text@1.0.16": {
      "integrity": "ddb9853b75119a2473857d691cf1ec02ad90793a2e8b4a4ac49d7354281a0cf8"
    }
  },
  "npm": {
    "@aws-crypto/crc32@5.2.0": {
      "integrity": "sha512-nLbCWqQNgUiwwtFsen1AdzAtvuLRsQS8rYgMuxCrdKf9kOssamGLuPwyTY9wyYblNr9+1XM8v6zoDTPPSIeANg==",
      "dependencies": [
        "@aws-crypto/util",
        "@aws-sdk/types",
        "tslib"
      ]
    },
    "@aws-crypto/crc32c@5.2.0": {
      "integrity": "sha512-+iWb8qaHLYKrNvGRbiYRHSdKRWhto5XlZUEBwDjYNf+ly5SVYG6zEoYIdxvf5R3zyeP16w4PLBn3rH1xc74Rag==",
      "dependencies": [
        "@aws-crypto/util",
        "@aws-sdk/types",
        "tslib"
      ]
    },
    "@aws-crypto/sha1-browser@5.2.0": {
      "integrity": "sha512-OH6lveCFfcDjX4dbAvCFSYUjJZjDr/3XJ3xHtjn3Oj5b9RjojQo8npoLeA/bNwkOkrSQ0wgrHzXk4tDRxGKJeg==",
      "dependencies": [
        "@aws-crypto/supports-web-crypto",
        "@aws-crypto/util",
        "@aws-sdk/types",
        "@aws-sdk/util-locate-window",
        "@smithy/util-utf8@2.3.0",
        "tslib"
      ]
    },
    "@aws-crypto/sha256-browser@5.2.0": {
      "integrity": "sha512-AXfN/lGotSQwu6HNcEsIASo7kWXZ5HYWvfOmSNKDsEqC4OashTp8alTmaz+F7TC2L083SFv5RdB+qU3Vs1kZqw==",
      "dependencies": [
        "@aws-crypto/sha256-js",
        "@aws-crypto/supports-web-crypto",
        "@aws-crypto/util",
        "@aws-sdk/types",
        "@aws-sdk/util-locate-window",
        "@smithy/util-utf8@2.3.0",
        "tslib"
      ]
    },
    "@aws-crypto/sha256-js@5.2.0": {
      "integrity": "sha512-FFQQyu7edu4ufvIZ+OadFpHHOt+eSTBaYaki44c+akjg7qZg9oOQeLlk77F6tSYqjDAFClrHJk9tMf0HdVyOvA==",
      "dependencies": [
        "@aws-crypto/util",
        "@aws-sdk/types",
        "tslib"
      ]
    },
    "@aws-crypto/supports-web-crypto@5.2.0": {
      "integrity": "sha512-iAvUotm021kM33eCdNfwIN//F77/IADDSs58i+MDaOqFrVjZo9bAal0NK7HurRuWLLpF1iLX7gbWrjHjeo+YFg==",
      "dependencies": [
        "tslib"
      ]
    },
    "@aws-crypto/util@5.2.0": {
      "integrity": "sha512-4RkU9EsI6ZpBve5fseQlGNUWKMa1RLPQ1dnjnQoe07ldfIzcsGb5hC5W0Dm7u423KWzawlrpbjXBrXCEv9zazQ==",
      "dependencies": [
        "@aws-sdk/types",
        "@smithy/util-utf8@2.3.0",
        "tslib"
      ]
    },
    "@aws-sdk/client-s3@3.901.0": {
      "integrity": "sha512-wyKhZ51ur1tFuguZ6PgrUsot9KopqD0Tmxw8O8P/N3suQDxFPr0Yo7Y77ezDRDZQ95Ml3C0jlvx79HCo8VxdWA==",
      "dependencies": [
        "@aws-crypto/sha1-browser",
        "@aws-crypto/sha256-browser",
        "@aws-crypto/sha256-js",
        "@aws-sdk/core",
        "@aws-sdk/credential-provider-node",
        "@aws-sdk/middleware-bucket-endpoint",
        "@aws-sdk/middleware-expect-continue",
        "@aws-sdk/middleware-flexible-checksums",
        "@aws-sdk/middleware-host-header",
        "@aws-sdk/middleware-location-constraint",
        "@aws-sdk/middleware-logger",
        "@aws-sdk/middleware-recursion-detection",
        "@aws-sdk/middleware-sdk-s3",
        "@aws-sdk/middleware-ssec",
        "@aws-sdk/middleware-user-agent",
        "@aws-sdk/region-config-resolver",
        "@aws-sdk/signature-v4-multi-region",
        "@aws-sdk/types",
        "@aws-sdk/util-endpoints",
        "@aws-sdk/util-user-agent-browser",
        "@aws-sdk/util-user-agent-node",
        "@aws-sdk/xml-builder",
        "@smithy/config-resolver",
        "@smithy/core",
        "@smithy/eventstream-serde-browser",
        "@smithy/eventstream-serde-config-resolver",
        "@smithy/eventstream-serde-node",
        "@smithy/fetch-http-handler",
        "@smithy/hash-blob-browser",
        "@smithy/hash-node",
        "@smithy/hash-stream-node",
        "@smithy/invalid-dependency",
        "@smithy/md5-js",
        "@smithy/middleware-content-length",
        "@smithy/middleware-endpoint",
        "@smithy/middleware-retry",
        "@smithy/middleware-serde",
        "@smithy/middleware-stack",
        "@smithy/node-config-provider",
        "@smithy/node-http-handler",
        "@smithy/protocol-http",
        "@smithy/smithy-client",
        "@smithy/types",
        "@smithy/url-parser",
        "@smithy/util-base64",
        "@smithy/util-body-length-browser",
        "@smithy/util-body-length-node",
        "@smithy/util-defaults-mode-browser",
        "@smithy/util-defaults-mode-node",
        "@smithy/util-endpoints",
        "@smithy/util-middleware",
        "@smithy/util-retry",
        "@smithy/util-stream",
        "@smithy/util-utf8@4.2.0",
        "@smithy/util-waiter",
        "@smithy/uuid",
        "tslib"
      ]
    },
    "@aws-sdk/client-sso@3.901.0": {
      "integrity": "sha512-sGyDjjkJ7ppaE+bAKL/Q5IvVCxtoyBIzN+7+hWTS/mUxWJ9EOq9238IqmVIIK6sYNIzEf9yhobfMARasPYVTNg==",
      "dependencies": [
        "@aws-crypto/sha256-browser",
        "@aws-crypto/sha256-js",
        "@aws-sdk/core",
        "@aws-sdk/middleware-host-header",
        "@aws-sdk/middleware-logger",
        "@aws-sdk/middleware-recursion-detection",
        "@aws-sdk/middleware-user-agent",
        "@aws-sdk/region-config-resolver",
        "@aws-sdk/types",
        "@aws-sdk/util-endpoints",
        "@aws-sdk/util-user-agent-browser",
        "@aws-sdk/util-user-agent-node",
        "@smithy/config-resolver",
        "@smithy/core",
        "@smithy/fetch-http-handler",
        "@smithy/hash-node",
        "@smithy/invalid-dependency",
        "@smithy/middleware-content-length",
        "@smithy/middleware-endpoint",
        "@smithy/middleware-retry",
        "@smithy/middleware-serde",
        "@smithy/middleware-stack",
        "@smithy/node-config-provider",
        "@smithy/node-http-handler",
        "@smithy/protocol-http",
        "@smithy/smithy-client",
        "@smithy/types",
        "@smithy/url-parser",
        "@smithy/util-base64",
        "@smithy/util-body-length-browser",
        "@smithy/util-body-length-node",
        "@smithy/util-defaults-mode-browser",
        "@smithy/util-defaults-mode-node",
        "@smithy/util-endpoints",
        "@smithy/util-middleware",
        "@smithy/util-retry",
        "@smithy/util-utf8@4.2.0",
        "tslib"
      ]
    },
    "@aws-sdk/core@3.901.0": {
      "integrity": "sha512-brKAc3y64tdhyuEf+OPIUln86bRTqkLgb9xkd6kUdIeA5+qmp/N6amItQz+RN4k4O3kqkCPYnAd3LonTKluobw==",
      "dependencies": [
        "@aws-sdk/types",
        "@aws-sdk/xml-builder",
        "@smithy/core",
        "@smithy/node-config-provider",
        "@smithy/property-provider",
        "@smithy/protocol-http",
        "@smithy/signature-v4",
        "@smithy/smithy-client",
        "@smithy/types",
        "@smithy/util-base64",
        "@smithy/util-middleware",
        "@smithy/util-utf8@4.2.0",
        "tslib"
      ]
    },
    "@aws-sdk/credential-provider-env@3.901.0": {
      "integrity": "sha512-5hAdVl3tBuARh3zX5MLJ1P/d+Kr5kXtDU3xm1pxUEF4xt2XkEEpwiX5fbkNkz2rbh3BCt2gOHsAbh6b3M7n+DA==",
      "dependencies": [
        "@aws-sdk/core",
        "@aws-sdk/types",
        "@smithy/property-provider",
        "@smithy/types",
        "tslib"
      ]
    },
    "@aws-sdk/credential-provider-http@3.901.0": {
      "integrity": "sha512-Ggr7+0M6QZEsrqRkK7iyJLf4LkIAacAxHz9c4dm9hnDdU7vqrlJm6g73IxMJXWN1bIV7IxfpzB11DsRrB/oNjQ==",
      "dependencies": [
        "@aws-sdk/core",
        "@aws-sdk/types",
        "@smithy/fetch-http-handler",
        "@smithy/node-http-handler",
        "@smithy/property-provider",
        "@smithy/protocol-http",
        "@smithy/smithy-client",
        "@smithy/types",
        "@smithy/util-stream",
        "tslib"
      ]
    },
    "@aws-sdk/credential-provider-ini@3.901.0": {
      "integrity": "sha512-zxadcDS0hNJgv8n4hFYJNOXyfjaNE1vvqIiF/JzZSQpSSYXzCd+WxXef5bQh+W3giDtRUmkvP5JLbamEFjZKyw==",
      "dependencies": [
        "@aws-sdk/core",
        "@aws-sdk/credential-provider-env",
        "@aws-sdk/credential-provider-http",
        "@aws-sdk/credential-provider-process",
        "@aws-sdk/credential-provider-sso",
        "@aws-sdk/credential-provider-web-identity",
        "@aws-sdk/nested-clients",
        "@aws-sdk/types",
        "@smithy/credential-provider-imds",
        "@smithy/property-provider",
        "@smithy/shared-ini-file-loader",
        "@smithy/types",
        "tslib"
      ]
    },
    "@aws-sdk/credential-provider-node@3.901.0": {
      "integrity": "sha512-dPuFzMF7L1s/lQyT3wDxqLe82PyTH+5o1jdfseTEln64LJMl0ZMWaKX/C1UFNDxaTd35Cgt1bDbjjAWHMiKSFQ==",
      "dependencies": [
        "@aws-sdk/credential-provider-env",
        "@aws-sdk/credential-provider-http",
        "@aws-sdk/credential-provider-ini",
        "@aws-sdk/credential-provider-process",
        "@aws-sdk/credential-provider-sso",
        "@aws-sdk/credential-provider-web-identity",
        "@aws-sdk/types",
        "@smithy/credential-provider-imds",
        "@smithy/property-provider",
        "@smithy/shared-ini-file-loader",
        "@smithy/types",
        "tslib"
      ]
    },
    "@aws-sdk/credential-provider-process@3.901.0": {
      "integrity": "sha512-/IWgmgM3Cl1wTdJA5HqKMAojxLkYchh5kDuphApxKhupLu6Pu0JBOHU8A5GGeFvOycyaVwosod6zDduINZxe+A==",
      "dependencies": [
        "@aws-sdk/core",
        "@aws-sdk/types",
        "@smithy/property-provider",
        "@smithy/shared-ini-file-loader",
        "@smithy/types",
        "tslib"
      ]
    },
    "@aws-sdk/credential-provider-sso@3.901.0": {
      "integrity": "sha512-SjmqZQHmqFSET7+6xcZgtH7yEyh5q53LN87GqwYlJZ6KJ5oNw11acUNEhUOL1xTSJEvaWqwTIkS2zqrzLcM9bw==",
      "dependencies": [
        "@aws-sdk/client-sso",
        "@aws-sdk/core",
        "@aws-sdk/token-providers",
        "@aws-sdk/types",
        "@smithy/property-provider",
        "@smithy/shared-ini-file-loader",
        "@smithy/types",
        "tslib"
      ]
    },
    "@aws-sdk/credential-provider-web-identity@3.901.0": {
      "integrity": "sha512-NYjy/6NLxH9m01+pfpB4ql8QgAorJcu8tw69kzHwUd/ql6wUDTbC7HcXqtKlIwWjzjgj2BKL7j6SyFapgCuafA==",
      "dependencies": [
        "@aws-sdk/core",
        "@aws-sdk/nested-clients",
        "@aws-sdk/types",
        "@smithy/property-provider",
        "@smithy/shared-ini-file-loader",
        "@smithy/types",
        "tslib"
      ]
    },
    "@aws-sdk/middleware-bucket-endpoint@3.901.0": {
      "integrity": "sha512-mPF3N6eZlVs9G8aBSzvtoxR1RZqMo1aIwR+X8BAZSkhfj55fVF2no4IfPXfdFO3I66N+zEQ8nKoB0uTATWrogQ==",
      "dependencies": [
        "@aws-sdk/types",
        "@aws-sdk/util-arn-parser",
        "@smithy/node-config-provider",
        "@smithy/protocol-http",
        "@smithy/types",
        "@smithy/util-config-provider",
        "tslib"
      ]
    },
    "@aws-sdk/middleware-expect-continue@3.901.0": {
      "integrity": "sha512-bwq9nj6MH38hlJwOY9QXIDwa6lI48UsaZpaXbdD71BljEIRlxDzfB4JaYb+ZNNK7RIAdzsP/K05mJty6KJAQHw==",
      "dependencies": [
        "@aws-sdk/types",
        "@smithy/protocol-http",
        "@smithy/types",
        "tslib"
      ]
    },
    "@aws-sdk/middleware-flexible-checksums@3.901.0": {
      "integrity": "sha512-63lcKfggVUFyXhE4SsFXShCTCyh7ZHEqXLyYEL4DwX+VWtxutf9t9m3fF0TNUYDE8eEGWiRXhegj8l4FjuW+wA==",
      "dependencies": [
        "@aws-crypto/crc32",
        "@aws-crypto/crc32c",
        "@aws-crypto/util",
        "@aws-sdk/core",
        "@aws-sdk/types",
        "@smithy/is-array-buffer@4.2.0",
        "@smithy/node-config-provider",
        "@smithy/protocol-http",
        "@smithy/types",
        "@smithy/util-middleware",
        "@smithy/util-stream",
        "@smithy/util-utf8@4.2.0",
        "tslib"
      ]
    },
    "@aws-sdk/middleware-host-header@3.901.0": {
      "integrity": "sha512-yWX7GvRmqBtbNnUW7qbre3GvZmyYwU0WHefpZzDTYDoNgatuYq6LgUIQ+z5C04/kCRoFkAFrHag8a3BXqFzq5A==",
      "dependencies": [
        "@aws-sdk/types",
        "@smithy/protocol-http",
        "@smithy/types",
        "tslib"
      ]
    },
    "@aws-sdk/middleware-location-constraint@3.901.0": {
      "integrity": "sha512-MuCS5R2ngNoYifkVt05CTULvYVWX0dvRT0/Md4jE3a0u0yMygYy31C1zorwfE/SUgAQXyLmUx8ATmPp9PppImQ==",
      "dependencies": [
        "@aws-sdk/types",
        "@smithy/types",
        "tslib"
      ]
    },
    "@aws-sdk/middleware-logger@3.901.0": {
      "integrity": "sha512-UoHebjE7el/tfRo8/CQTj91oNUm+5Heus5/a4ECdmWaSCHCS/hXTsU3PTTHAY67oAQR8wBLFPfp3mMvXjB+L2A==",
      "dependencies": [
        "@aws-sdk/types",
        "@smithy/types",
        "tslib"
      ]
    },
    "@aws-sdk/middleware-recursion-detection@3.901.0": {
      "integrity": "sha512-Wd2t8qa/4OL0v/oDpCHHYkgsXJr8/ttCxrvCKAt0H1zZe2LlRhY9gpDVKqdertfHrHDj786fOvEQA28G1L75Dg==",
      "dependencies": [
        "@aws-sdk/types",
        "@aws/lambda-invoke-store",
        "@smithy/protocol-http",
        "@smithy/types",
        "tslib"
      ]
    },
    "@aws-sdk/middleware-sdk-s3@3.901.0": {
      "integrity": "sha512-prgjVC3fDT2VIlmQPiw/cLee8r4frTam9GILRUVQyDdNtshNwV3MiaSCLzzQJjKJlLgnBLNUHJCSmvUVtg+3iA==",
      "dependencies": [
        "@aws-sdk/core",
        "@aws-sdk/types",
        "@aws-sdk/util-arn-parser",
        "@smithy/core",
        "@smithy/node-config-provider",
        "@smithy/protocol-http",
        "@smithy/signature-v4",
        "@smithy/smithy-client",
        "@smithy/types",
        "@smithy/util-config-provider",
        "@smithy/util-middleware",
        "@smithy/util-stream",
        "@smithy/util-utf8@4.2.0",
        "tslib"
      ]
    },
    "@aws-sdk/middleware-ssec@3.901.0": {
      "integrity": "sha512-YiLLJmA3RvjL38mFLuu8fhTTGWtp2qT24VqpucgfoyziYcTgIQkJJmKi90Xp6R6/3VcArqilyRgM1+x8i/em+Q==",
      "dependencies": [
        "@aws-sdk/types",
        "@smithy/types",
        "tslib"
      ]
    },
    "@aws-sdk/middleware-user-agent@3.901.0": {
      "integrity": "sha512-Zby4F03fvD9xAgXGPywyk4bC1jCbnyubMEYChLYohD+x20ULQCf+AimF/Btn7YL+hBpzh1+RmqmvZcx+RgwgNQ==",
      "dependencies": [
        "@aws-sdk/core",
        "@aws-sdk/types",
        "@aws-sdk/util-endpoints",
        "@smithy/core",
        "@smithy/protocol-http",
        "@smithy/types",
        "tslib"
      ]
    },
    "@aws-sdk/nested-clients@3.901.0": {
      "integrity": "sha512-feAAAMsVwctk2Tms40ONybvpfJPLCmSdI+G+OTrNpizkGLNl6ik2Ng2RzxY6UqOfN8abqKP/DOUj1qYDRDG8ag==",
      "dependencies": [
        "@aws-crypto/sha256-browser",
        "@aws-crypto/sha256-js",
        "@aws-sdk/core",
        "@aws-sdk/middleware-host-header",
        "@aws-sdk/middleware-logger",
        "@aws-sdk/middleware-recursion-detection",
        "@aws-sdk/middleware-user-agent",
        "@aws-sdk/region-config-resolver",
        "@aws-sdk/types",
        "@aws-sdk/util-endpoints",
        "@aws-sdk/util-user-agent-browser",
        "@aws-sdk/util-user-agent-node",
        "@smithy/config-resolver",
        "@smithy/core",
        "@smithy/fetch-http-handler",
        "@smithy/hash-node",
        "@smithy/invalid-dependency",
        "@smithy/middleware-content-length",
        "@smithy/middleware-endpoint",
        "@smithy/middleware-retry",
        "@smithy/middleware-serde",
        "@smithy/middleware-stack",
        "@smithy/node-config-provider",
        "@smithy/node-http-handler",
        "@smithy/protocol-http",
        "@smithy/smithy-client",
        "@smithy/types",
        "@smithy/url-parser",
        "@smithy/util-base64",
        "@smithy/util-body-length-browser",
        "@smithy/util-body-length-node",
        "@smithy/util-defaults-mode-browser",
        "@smithy/util-defaults-mode-node",
        "@smithy/util-endpoints",
        "@smithy/util-middleware",
        "@smithy/util-retry",
        "@smithy/util-utf8@4.2.0",
        "tslib"
      ]
    },
    "@aws-sdk/region-config-resolver@3.901.0": {
      "integrity": "sha512-7F0N888qVLHo4CSQOsnkZ4QAp8uHLKJ4v3u09Ly5k4AEStrSlFpckTPyUx6elwGL+fxGjNE2aakK8vEgzzCV0A==",
      "dependencies": [
        "@aws-sdk/types",
        "@smithy/node-config-provider",
        "@smithy/types",
        "@smithy/util-config-provider",
        "@smithy/util-middleware",
        "tslib"
      ]
    },
    "@aws-sdk/signature-v4-multi-region@3.901.0": {
      "integrity": "sha512-2IWxbll/pRucp1WQkHi2W5E2SVPGBvk4Is923H7gpNksbVFws18ItjMM8ZpGm44cJEoy1zR5gjhLFklatpuoOw==",
      "dependencies": [
        "@aws-sdk/middleware-sdk-s3",
        "@aws-sdk/types",
        "@smithy/protocol-http",
        "@smithy/signature-v4",
        "@smithy/types",
        "tslib"
      ]
    },
    "@aws-sdk/token-providers@3.901.0": {
      "integrity": "sha512-pJEr1Ggbc/uVTDqp9IbNu9hdr0eQf3yZix3s4Nnyvmg4xmJSGAlbPC9LrNr5u3CDZoc8Z9CuLrvbP4MwYquNpQ==",
      "dependencies": [
        "@aws-sdk/core",
        "@aws-sdk/nested-clients",
        "@aws-sdk/types",
        "@smithy/property-provider",
        "@smithy/shared-ini-file-loader",
        "@smithy/types",
        "tslib"
      ]
    },
    "@aws-sdk/types@3.901.0": {
      "integrity": "sha512-FfEM25hLEs4LoXsLXQ/q6X6L4JmKkKkbVFpKD4mwfVHtRVQG6QxJiCPcrkcPISquiy6esbwK2eh64TWbiD60cg==",
      "dependencies": [
        "@smithy/types",
        "tslib"
      ]
    },
    "@aws-sdk/util-arn-parser@3.893.0": {
      "integrity": "sha512-u8H4f2Zsi19DGnwj5FSZzDMhytYF/bCh37vAtBsn3cNDL3YG578X5oc+wSX54pM3tOxS+NY7tvOAo52SW7koUA==",
      "dependencies": [
        "tslib"
      ]
    },
    "@aws-sdk/util-endpoints@3.901.0": {
      "integrity": "sha512-5nZP3hGA8FHEtKvEQf4Aww5QZOkjLW1Z+NixSd+0XKfHvA39Ah5sZboScjLx0C9kti/K3OGW1RCx5K9Zc3bZqg==",
      "dependencies": [
        "@aws-sdk/types",
        "@smithy/types",
        "@smithy/url-parser",
        "@smithy/util-endpoints",
        "tslib"
      ]
    },
    "@aws-sdk/util-locate-window@3.893.0": {
      "integrity": "sha512-T89pFfgat6c8nMmpI8eKjBcDcgJq36+m9oiXbcUzeU55MP9ZuGgBomGjGnHaEyF36jenW9gmg3NfZDm0AO2XPg==",
      "dependencies": [
        "tslib"
      ]
    },
    "@aws-sdk/util-user-agent-browser@3.901.0": {
      "integrity": "sha512-Ntb6V/WFI21Ed4PDgL/8NSfoZQQf9xzrwNgiwvnxgAl/KvAvRBgQtqj5gHsDX8Nj2YmJuVoHfH9BGjL9VQ4WNg==",
      "dependencies": [
        "@aws-sdk/types",
        "@smithy/types",
        "bowser",
        "tslib"
      ]
    },
    "@aws-sdk/util-user-agent-node@3.901.0": {
      "integrity": "sha512-l59KQP5TY7vPVUfEURc7P5BJKuNg1RSsAKBQW7LHLECXjLqDUbo2SMLrexLBEoArSt6E8QOrIN0C8z/0Xk0jYw==",
      "dependencies": [
        "@aws-sdk/middleware-user-agent",
        "@aws-sdk/types",
        "@smithy/node-config-provider",
        "@smithy/types",
        "tslib"
      ]
    },
    "@aws-sdk/xml-builder@3.901.0": {
      "integrity": "sha512-pxFCkuAP7Q94wMTNPAwi6hEtNrp/BdFf+HOrIEeFQsk4EoOmpKY3I6S+u6A9Wg295J80Kh74LqDWM22ux3z6Aw==",
      "dependencies": [
        "@smithy/types",
        "fast-xml-parser",
        "tslib"
      ]
    },
    "@aws/lambda-invoke-store@0.0.1": {
      "integrity": "sha512-ORHRQ2tmvnBXc8t/X9Z8IcSbBA4xTLKuN873FopzklHMeqBst7YG0d+AX97inkvDX+NChYtSr+qGfcqGFaI8Zw=="
    },
    "@smithy/abort-controller@4.2.0": {
      "integrity": "sha512-PLUYa+SUKOEZtXFURBu/CNxlsxfaFGxSBPcStL13KpVeVWIfdezWyDqkz7iDLmwnxojXD0s5KzuB5HGHvt4Aeg==",
      "dependencies": [
        "@smithy/types",
        "tslib"
      ]
    },
    "@smithy/chunked-blob-reader-native@4.2.0": {
      "integrity": "sha512-HNbGWdyTfSM1nfrZKQjYTvD8k086+M8s1EYkBUdGC++lhxegUp2HgNf5RIt6oOGVvsC26hBCW/11tv8KbwLn/Q==",
      "dependencies": [
        "@smithy/util-base64",
        "tslib"
      ]
    },
    "@smithy/chunked-blob-reader@5.2.0": {
      "integrity": "sha512-WmU0TnhEAJLWvfSeMxBNe5xtbselEO8+4wG0NtZeL8oR21WgH1xiO37El+/Y+H/Ie4SCwBy3MxYWmOYaGgZueA==",
      "dependencies": [
        "tslib"
      ]
    },
    "@smithy/config-resolver@4.3.0": {
      "integrity": "sha512-9oH+n8AVNiLPK/iK/agOsoWfrKZ3FGP3502tkksd6SRsKMYiu7AFX0YXo6YBADdsAj7C+G/aLKdsafIJHxuCkQ==",
      "dependencies": [
        "@smithy/node-config-provider",
        "@smithy/types",
        "@smithy/util-config-provider",
        "@smithy/util-middleware",
        "tslib"
      ]
    },
    "@smithy/core@3.14.0": {
      "integrity": "sha512-XJ4z5FxvY/t0Dibms/+gLJrI5niRoY0BCmE02fwmPcRYFPI4KI876xaE79YGWIKnEslMbuQPsIEsoU/DXa0DoA==",
      "dependencies": [
        "@smithy/middleware-serde",
        "@smithy/protocol-http",
        "@smithy/types",
        "@smithy/util-base64",
        "@smithy/util-body-length-browser",
        "@smithy/util-middleware",
        "@smithy/util-stream",
        "@smithy/util-utf8@4.2.0",
        "@smithy/uuid",
        "tslib"
      ]
    },
    "@smithy/credential-provider-imds@4.2.0": {
      "integrity": "sha512-SOhFVvFH4D5HJZytb0bLKxCrSnwcqPiNlrw+S4ZXjMnsC+o9JcUQzbZOEQcA8yv9wJFNhfsUiIUKiEnYL68Big==",
      "dependencies": [
        "@smithy/node-config-provider",
        "@smithy/property-provider",
        "@smithy/types",
        "@smithy/url-parser",
        "tslib"
      ]
    },
    "@smithy/eventstream-codec@4.2.0": {
      "integrity": "sha512-XE7CtKfyxYiNZ5vz7OvyTf1osrdbJfmUy+rbh+NLQmZumMGvY0mT0Cq1qKSfhrvLtRYzMsOBuRpi10dyI0EBPg==",
      "dependencies": [
        "@aws-crypto/crc32",
        "@smithy/types",
        "@smithy/util-hex-encoding",
        "tslib"
      ]
    },
    "@smithy/eventstream-serde-browser@4.2.0": {
      "integrity": "sha512-U53p7fcrk27k8irLhOwUu+UYnBqsXNLKl1XevOpsxK3y1Lndk8R7CSiZV6FN3fYFuTPuJy5pP6qa/bjDzEkRvA==",
      "dependencies": [
        "@smithy/eventstream-serde-universal",
        "@smithy/types",
        "tslib"
      ]
    },
    "@smithy/eventstream-serde-config-resolver@4.3.0": {
      "integrity": "sha512-uwx54t8W2Yo9Jr3nVF5cNnkAAnMCJ8Wrm+wDlQY6rY/IrEgZS3OqagtCu/9ceIcZFQ1zVW/zbN9dxb5esuojfA==",
      "dependencies": [
        "@smithy/types",
        "tslib"
      ]
    },
    "@smithy/eventstream-serde-node@4.2.0": {
      "integrity": "sha512-yjM2L6QGmWgJjVu/IgYd6hMzwm/tf4VFX0lm8/SvGbGBwc+aFl3hOzvO/e9IJ2XI+22Tx1Zg3vRpFRs04SWFcg==",
      "dependencies": [
        "@smithy/eventstream-serde-universal",
        "@smithy/types",
        "tslib"
      ]
    },
    "@smithy/eventstream-serde-universal@4.2.0": {
      "integrity": "sha512-C3jxz6GeRzNyGKhU7oV656ZbuHY93mrfkT12rmjDdZch142ykjn8do+VOkeRNjSGKw01p4g+hdalPYPhmMwk1g==",
      "dependencies": [
        "@smithy/eventstream-codec",
        "@smithy/types",
        "tslib"
      ]
    },
    "@smithy/fetch-http-handler@5.3.0": {
      "integrity": "sha512-BG3KSmsx9A//KyIfw+sqNmWFr1YBUr+TwpxFT7yPqAk0yyDh7oSNgzfNH7pS6OC099EGx2ltOULvumCFe8bcgw==",
      "dependencies": [
        "@smithy/protocol-http",
        "@smithy/querystring-builder",
        "@smithy/types",
        "@smithy/util-base64",
        "tslib"
      ]
    },
    "@smithy/hash-blob-browser@4.2.0": {
      "integrity": "sha512-MWmrRTPqVKpN8NmxmJPTeQuhewTt8Chf+waB38LXHZoA02+BeWYVQ9ViAwHjug8m7lQb1UWuGqp3JoGDOWvvuA==",
      "dependencies": [
        "@smithy/chunked-blob-reader",
        "@smithy/chunked-blob-reader-native",
        "@smithy/types",
        "tslib"
      ]
    },
    "@smithy/hash-node@4.2.0": {
      "integrity": "sha512-ugv93gOhZGysTctZh9qdgng8B+xO0cj+zN0qAZ+Sgh7qTQGPOJbMdIuyP89KNfUyfAqFSNh5tMvC+h2uCpmTtA==",
      "dependencies": [
        "@smithy/types",
        "@smithy/util-buffer-from@4.2.0",
        "@smithy/util-utf8@4.2.0",
        "tslib"
      ]
    },
    "@smithy/hash-stream-node@4.2.0": {
      "integrity": "sha512-8dELAuGv+UEjtzrpMeNBZc1sJhO8GxFVV/Yh21wE35oX4lOE697+lsMHBoUIFAUuYkTMIeu0EuJSEsH7/8Y+UQ==",
      "dependencies": [
        "@smithy/types",
        "@smithy/util-utf8@4.2.0",
        "tslib"
      ]
    },
    "@smithy/invalid-dependency@4.2.0": {
      "integrity": "sha512-ZmK5X5fUPAbtvRcUPtk28aqIClVhbfcmfoS4M7UQBTnDdrNxhsrxYVv0ZEl5NaPSyExsPWqL4GsPlRvtlwg+2A==",
      "dependencies": [
        "@smithy/types",
        "tslib"
      ]
    },
    "@smithy/is-array-buffer@2.2.0": {
      "integrity": "sha512-GGP3O9QFD24uGeAXYUjwSTXARoqpZykHadOmA8G5vfJPK0/DC67qa//0qvqrJzL1xc8WQWX7/yc7fwudjPHPhA==",
      "dependencies": [
        "tslib"
      ]
    },
    "@smithy/is-array-buffer@4.2.0": {
      "integrity": "sha512-DZZZBvC7sjcYh4MazJSGiWMI2L7E0oCiRHREDzIxi/M2LY79/21iXt6aPLHge82wi5LsuRF5A06Ds3+0mlh6CQ==",
      "dependencies": [
        "tslib"
      ]
    },
    "@smithy/md5-js@4.2.0": {
      "integrity": "sha512-LFEPniXGKRQArFmDQ3MgArXlClFJMsXDteuQQY8WG1/zzv6gVSo96+qpkuu1oJp4MZsKrwchY0cuAoPKzEbaNA==",
      "dependencies": [
        "@smithy/types",
        "@smithy/util-utf8@4.2.0",
        "tslib"
      ]
    },
    "@smithy/middleware-content-length@4.2.0": {
      "integrity": "sha512-6ZAnwrXFecrA4kIDOcz6aLBhU5ih2is2NdcZtobBDSdSHtE9a+MThB5uqyK4XXesdOCvOcbCm2IGB95birTSOQ==",
      "dependencies": [
        "@smithy/protocol-http",
        "@smithy/types",
        "tslib"
      ]
    },
    "@smithy/middleware-endpoint@4.3.0": {
      "integrity": "sha512-jFVjuQeV8TkxaRlcCNg0GFVgg98tscsmIrIwRFeC74TIUyLE3jmY9xgc1WXrPQYRjQNK3aRoaIk6fhFRGOIoGw==",
      "dependencies": [
        "@smithy/core",
        "@smithy/middleware-serde",
        "@smithy/node-config-provider",
        "@smithy/shared-ini-file-loader",
        "@smithy/types",
        "@smithy/url-parser",
        "@smithy/util-middleware",
        "tslib"
      ]
    },
    "@smithy/middleware-retry@4.4.0": {
      "integrity": "sha512-yaVBR0vQnOnzex45zZ8ZrPzUnX73eUC8kVFaAAbn04+6V7lPtxn56vZEBBAhgS/eqD6Zm86o6sJs6FuQVoX5qg==",
      "dependencies": [
        "@smithy/node-config-provider",
        "@smithy/protocol-http",
        "@smithy/service-error-classification",
        "@smithy/smithy-client",
        "@smithy/types",
        "@smithy/util-middleware",
        "@smithy/util-retry",
        "@smithy/uuid",
        "tslib"
      ]
    },
    "@smithy/middleware-serde@4.2.0": {
      "integrity": "sha512-rpTQ7D65/EAbC6VydXlxjvbifTf4IH+sADKg6JmAvhkflJO2NvDeyU9qsWUNBelJiQFcXKejUHWRSdmpJmEmiw==",
      "dependencies": [
        "@smithy/protocol-http",
        "@smithy/types",
        "tslib"
      ]
    },
    "@smithy/middleware-stack@4.2.0": {
      "integrity": "sha512-G5CJ//eqRd9OARrQu9MK1H8fNm2sMtqFh6j8/rPozhEL+Dokpvi1Og+aCixTuwDAGZUkJPk6hJT5jchbk/WCyg==",
      "dependencies": [
        "@smithy/types",
        "tslib"
      ]
    },
    "@smithy/node-config-provider@4.3.0": {
      "integrity": "sha512-5QgHNuWdT9j9GwMPPJCKxy2KDxZ3E5l4M3/5TatSZrqYVoEiqQrDfAq8I6KWZw7RZOHtVtCzEPdYz7rHZixwcA==",
      "dependencies": [
        "@smithy/property-provider",
        "@smithy/shared-ini-file-loader",
        "@smithy/types",
        "tslib"
      ]
    },
    "@smithy/node-http-handler@4.3.0": {
      "integrity": "sha512-RHZ/uWCmSNZ8cneoWEVsVwMZBKy/8123hEpm57vgGXA3Irf/Ja4v9TVshHK2ML5/IqzAZn0WhINHOP9xl+Qy6Q==",
      "dependencies": [
        "@smithy/abort-controller",
        "@smithy/protocol-http",
        "@smithy/querystring-builder",
        "@smithy/types",
        "tslib"
      ]
    },
    "@smithy/property-provider@4.2.0": {
      "integrity": "sha512-rV6wFre0BU6n/tx2Ztn5LdvEdNZ2FasQbPQmDOPfV9QQyDmsCkOAB0osQjotRCQg+nSKFmINhyda0D3AnjSBJw==",
      "dependencies": [
        "@smithy/types",
        "tslib"
      ]
    },
    "@smithy/protocol-http@5.3.0": {
      "integrity": "sha512-6POSYlmDnsLKb7r1D3SVm7RaYW6H1vcNcTWGWrF7s9+2noNYvUsm7E4tz5ZQ9HXPmKn6Hb67pBDRIjrT4w/d7Q==",
      "dependencies": [
        "@smithy/types",
        "tslib"
      ]
    },
    "@smithy/querystring-builder@4.2.0": {
      "integrity": "sha512-Q4oFD0ZmI8yJkiPPeGUITZj++4HHYCW3pYBYfIobUCkYpI6mbkzmG1MAQQ3lJYYWj3iNqfzOenUZu+jqdPQ16A==",
      "dependencies": [
        "@smithy/types",
        "@smithy/util-uri-escape",
        "tslib"
      ]
    },
    "@smithy/querystring-parser@4.2.0": {
      "integrity": "sha512-BjATSNNyvVbQxOOlKse0b0pSezTWGMvA87SvoFoFlkRsKXVsN3bEtjCxvsNXJXfnAzlWFPaT9DmhWy1vn0sNEA==",
      "dependencies": [
        "@smithy/types",
        "tslib"
      ]
    },
    "@smithy/service-error-classification@4.2.0": {
      "integrity": "sha512-Ylv1ttUeKatpR0wEOMnHf1hXMktPUMObDClSWl2TpCVT4DwtJhCeighLzSLbgH3jr5pBNM0LDXT5yYxUvZ9WpA==",
      "dependencies": [
        "@smithy/types"
      ]
    },
    "@smithy/shared-ini-file-loader@4.3.0": {
      "integrity": "sha512-VCUPPtNs+rKWlqqntX0CbVvWyjhmX30JCtzO+s5dlzzxrvSfRh5SY0yxnkirvc1c80vdKQttahL71a9EsdolSQ==",
      "dependencies": [
        "@smithy/types",
        "tslib"
      ]
    },
    "@smithy/signature-v4@5.3.0": {
      "integrity": "sha512-MKNyhXEs99xAZaFhm88h+3/V+tCRDQ+PrDzRqL0xdDpq4gjxcMmf5rBA3YXgqZqMZ/XwemZEurCBQMfxZOWq/g==",
      "dependencies": [
        "@smithy/is-array-buffer@4.2.0",
        "@smithy/protocol-http",
        "@smithy/types",
        "@smithy/util-hex-encoding",
        "@smithy/util-middleware",
        "@smithy/util-uri-escape",
        "@smithy/util-utf8@4.2.0",
        "tslib"
      ]
    },
    "@smithy/smithy-client@4.7.0": {
      "integrity": "sha512-3BDx/aCCPf+kkinYf5QQhdQ9UAGihgOVqI3QO5xQfSaIWvUE4KYLtiGRWsNe1SR7ijXC0QEPqofVp5Sb0zC8xQ==",
      "dependencies": [
        "@smithy/core",
        "@smithy/middleware-endpoint",
        "@smithy/middleware-stack",
        "@smithy/protocol-http",
        "@smithy/types",
        "@smithy/util-stream",
        "tslib"
      ]
    },
    "@smithy/types@4.6.0": {
      "integrity": "sha512-4lI9C8NzRPOv66FaY1LL1O/0v0aLVrq/mXP/keUa9mJOApEeae43LsLd2kZRUJw91gxOQfLIrV3OvqPgWz1YsA==",
      "dependencies": [
        "tslib"
      ]
    },
    "@smithy/url-parser@4.2.0": {
      "integrity": "sha512-AlBmD6Idav2ugmoAL6UtR6ItS7jU5h5RNqLMZC7QrLCoITA9NzIN3nx9GWi8g4z1pfWh2r9r96SX/jHiNwPJ9A==",
      "dependencies": [
        "@smithy/querystring-parser",
        "@smithy/types",
        "tslib"
      ]
    },
    "@smithy/util-base64@4.2.0": {
      "integrity": "sha512-+erInz8WDv5KPe7xCsJCp+1WCjSbah9gWcmUXc9NqmhyPx59tf7jqFz+za1tRG1Y5KM1Cy1rWCcGypylFp4mvA==",
      "dependencies": [
        "@smithy/util-buffer-from@4.2.0",
        "@smithy/util-utf8@4.2.0",
        "tslib"
      ]
    },
    "@smithy/util-body-length-browser@4.2.0": {
      "integrity": "sha512-Fkoh/I76szMKJnBXWPdFkQJl2r9SjPt3cMzLdOB6eJ4Pnpas8hVoWPYemX/peO0yrrvldgCUVJqOAjUrOLjbxg==",
      "dependencies": [
        "tslib"
      ]
    },
    "@smithy/util-body-length-node@4.2.0": {
      "integrity": "sha512-U8q1WsSZFjXijlD7a4wsDQOvOwV+72iHSfq1q7VD+V75xP/pdtm0WIGuaFJ3gcADDOKj2MIBn4+zisi140HEnQ==",
      "dependencies": [
        "tslib"
      ]
    },
    "@smithy/util-buffer-from@2.2.0": {
      "integrity": "sha512-IJdWBbTcMQ6DA0gdNhh/BwrLkDR+ADW5Kr1aZmd4k3DIF6ezMV4R2NIAmT08wQJ3yUK82thHWmC/TnK/wpMMIA==",
      "dependencies": [
        "@smithy/is-array-buffer@2.2.0",
        "tslib"
      ]
    },
    "@smithy/util-buffer-from@4.2.0": {
      "integrity": "sha512-kAY9hTKulTNevM2nlRtxAG2FQ3B2OR6QIrPY3zE5LqJy1oxzmgBGsHLWTcNhWXKchgA0WHW+mZkQrng/pgcCew==",
      "dependencies": [
        "@smithy/is-array-buffer@4.2.0",
        "tslib"
      ]
    },
    "@smithy/util-config-provider@4.2.0": {
      "integrity": "sha512-YEjpl6XJ36FTKmD+kRJJWYvrHeUvm5ykaUS5xK+6oXffQPHeEM4/nXlZPe+Wu0lsgRUcNZiliYNh/y7q9c2y6Q==",
      "dependencies": [
        "tslib"
      ]
    },
    "@smithy/util-defaults-mode-browser@4.2.0": {
      "integrity": "sha512-qzHp7ZDk1Ba4LDwQVCNp90xPGqSu7kmL7y5toBpccuhi3AH7dcVBIT/pUxYcInK4jOy6FikrcTGq5wxcka8UaQ==",
      "dependencies": [
        "@smithy/property-provider",
        "@smithy/smithy-client",
        "@smithy/types",
        "bowser",
        "tslib"
      ]
    },
    "@smithy/util-defaults-mode-node@4.2.0": {
      "integrity": "sha512-FxUHS3WXgx3bTWR6yQHNHHkQHZm/XKIi/CchTnKvBulN6obWpcbzJ6lDToXn+Wp0QlVKd7uYAz2/CTw1j7m+Kg==",
      "dependencies": [
        "@smithy/config-resolver",
        "@smithy/credential-provider-imds",
        "@smithy/node-config-provider",
        "@smithy/property-provider",
        "@smithy/smithy-client",
        "@smithy/types",
        "tslib"
      ]
    },
    "@smithy/util-endpoints@3.2.0": {
      "integrity": "sha512-TXeCn22D56vvWr/5xPqALc9oO+LN+QpFjrSM7peG/ckqEPoI3zaKZFp+bFwfmiHhn5MGWPaLCqDOJPPIixk9Wg==",
      "dependencies": [
        "@smithy/node-config-provider",
        "@smithy/types",
        "tslib"
      ]
    },
    "@smithy/util-hex-encoding@4.2.0": {
      "integrity": "sha512-CCQBwJIvXMLKxVbO88IukazJD9a4kQ9ZN7/UMGBjBcJYvatpWk+9g870El4cB8/EJxfe+k+y0GmR9CAzkF+Nbw==",
      "dependencies": [
        "tslib"
      ]
    },
    "@smithy/util-middleware@4.2.0": {
      "integrity": "sha512-u9OOfDa43MjagtJZ8AapJcmimP+K2Z7szXn8xbty4aza+7P1wjFmy2ewjSbhEiYQoW1unTlOAIV165weYAaowA==",
      "dependencies": [
        "@smithy/types",
        "tslib"
      ]
    },
    "@smithy/util-retry@4.2.0": {
      "integrity": "sha512-BWSiuGbwRnEE2SFfaAZEX0TqaxtvtSYPM/J73PFVm+A29Fg1HTPiYFb8TmX1DXp4hgcdyJcNQmprfd5foeORsg==",
      "dependencies": [
        "@smithy/service-error-classification",
        "@smithy/types",
        "tslib"
      ]
    },
    "@smithy/util-stream@4.4.0": {
      "integrity": "sha512-vtO7ktbixEcrVzMRmpQDnw/Ehr9UWjBvSJ9fyAbadKkC4w5Cm/4lMO8cHz8Ysb8uflvQUNRcuux/oNHKPXkffg==",
      "dependencies": [
        "@smithy/fetch-http-handler",
        "@smithy/node-http-handler",
        "@smithy/types",
        "@smithy/util-base64",
        "@smithy/util-buffer-from@4.2.0",
        "@smithy/util-hex-encoding",
        "@smithy/util-utf8@4.2.0",
        "tslib"
      ]
    },
    "@smithy/util-uri-escape@4.2.0": {
      "integrity": "sha512-igZpCKV9+E/Mzrpq6YacdTQ0qTiLm85gD6N/IrmyDvQFA4UnU3d5g3m8tMT/6zG/vVkWSU+VxeUyGonL62DuxA==",
      "dependencies": [
        "tslib"
      ]
    },
    "@smithy/util-utf8@2.3.0": {
      "integrity": "sha512-R8Rdn8Hy72KKcebgLiv8jQcQkXoLMOGGv5uI1/k0l+snqkOzQ1R0ChUBCxWMlBsFMekWjq0wRudIweFs7sKT5A==",
      "dependencies": [
        "@smithy/util-buffer-from@2.2.0",
        "tslib"
      ]
    },
    "@smithy/util-utf8@4.2.0": {
      "integrity": "sha512-zBPfuzoI8xyBtR2P6WQj63Rz8i3AmfAaJLuNG8dWsfvPe8lO4aCPYLn879mEgHndZH1zQ2oXmG8O1GGzzaoZiw==",
      "dependencies": [
        "@smithy/util-buffer-from@4.2.0",
        "tslib"
      ]
    },
    "@smithy/util-waiter@4.2.0": {
      "integrity": "sha512-0Z+nxUU4/4T+SL8BCNN4ztKdQjToNvUYmkF1kXO5T7Yz3Gafzh0HeIG6mrkN8Fz3gn9hSyxuAT+6h4vM+iQSBQ==",
      "dependencies": [
        "@smithy/abort-controller",
        "@smithy/types",
        "tslib"
      ]
    },
    "@smithy/uuid@1.1.0": {
      "integrity": "sha512-4aUIteuyxtBUhVdiQqcDhKFitwfd9hqoSDYY2KRXiWtgoWJ9Bmise+KfEPDiVHWeJepvF8xJO9/9+WDIciMFFw==",
      "dependencies": [
        "tslib"
      ]
    },
    "bowser@2.12.1": {
      "integrity": "sha512-z4rE2Gxh7tvshQ4hluIT7XcFrgLIQaw9X3A+kTTRdovCz5PMukm/0QC/BKSYPj3omF5Qfypn9O/c5kgpmvYUCw=="
    },
    "fast-xml-parser@5.2.5": {
      "integrity": "sha512-pfX9uG9Ki0yekDHx2SiuRIyFdyAr1kMIMitPvb0YBo8SUfKvia7w7FIyd/l6av85pFYRhZscS75MwMnbvY+hcQ==",
      "dependencies": [
        "strnum"
      ],
      "bin": true
    },
    "strnum@2.1.1": {
      "integrity": "sha512-7ZvoFTiCnGxBtDqJ//Cu6fWtZtc7Y3x+QOirG15wztbdngGSkht27o2pyGWrVy0b4WAy3jbKmnoK6g5VlVNUUw=="
    },
    "tslib@2.8.1": {
      "integrity": "sha512-oJFu94HQb+KVduSUQL7wnpmqnfmLsOA/nAh6b6EH0wCEoK0/mPeXU6c3wKDV83MkOuHPRHtSXKKU99IBazS/2w=="
    }
  },
  "workspace": {
    "dependencies": [
      "jsr:@cliffy/command@^1.0.0-rc.8",
      "jsr:@cliffy/prompt@^1.0.0-rc.8",
      "jsr:@std/assert@1",
      "jsr:@std/fs@^1.0.19",
      "jsr:@std/media-types@^1.1.0",
      "jsr:@std/path@^1.1.2",
      "npm:@aws-sdk/client-s3@*"
    ]
  }
}
